
Microsoft Visual Studio Solution File, Format Version 12.00
# Visual Studio 14
VisualStudioVersion = 14.0.23107.0
MinimumVisualStudioVersion = 10.0.40219.1
Project("{FAE04EC0-301F-11D3-BF4B-00C04F79EFBC}") = "formateur", "formateur\formateur.csproj", "{60183442-0AA0-4CF5-87AC-384F990241CB}"
EndProject
Project("{FAE04EC0-301F-11D3-BF4B-00C04F79EFBC}") = "formateurDAO", "formateurDAO\formateurDAO.csproj", "{DFFFAE8D-A7FC-4FFC-A38B-E2D4560447F9}"
EndProject
Global
	GlobalSection(SolutionConfigurationPlatforms) = preSolution
		Debug|Any CPU = Debug|Any CPU
		Release|Any CPU = Release|Any CPU
	EndGlobalSection
	GlobalSection(ProjectConfigurationPlatforms) = postSolution
		{60183442-0AA0-4CF5-87AC-384F990241CB}.Debug|Any CPU.ActiveCfg = Debug|Any CPU
		{60183442-0AA0-4CF5-87AC-384F990241CB}.Debug|Any CPU.Build.0 = Debug|Any CPU
		{60183442-0AA0-4CF5-87AC-384F990241CB}.Release|Any CPU.ActiveCfg = Release|Any CPU
		{60183442-0AA0-4CF5-87AC-384F990241CB}.Release|Any CPU.Build.0 = Release|Any CPU
		{DFFFAE8D-A7FC-4FFC-A38B-E2D4560447F9}.Debug|Any CPU.ActiveCfg = Debug|Any CPU
		{DFFFAE8D-A7FC-4FFC-A38B-E2D4560447F9}.Debug|Any CPU.Build.0 = Debug|Any CPU
		{DFFFAE8D-A7FC-4FFC-A38B-E2D4560447F9}.Release|Any CPU.ActiveCfg = Release|Any CPU
		{DFFFAE8D-A7FC-4FFC-A38B-E2D4560447F9}.Release|Any CPU.Build.0 = Release|Any CPU
	EndGlobalSection
	GlobalSection(SolutionProperties) = preSolution
		HideSolutionNode = FALSE
	EndGlobalSection
EndGlobal
